<?xml version="1.0" encoding="utf-8"?>
<Project ToolsVersion="4.0" xmlns="http://schemas.microsoft.com/developer/msbuild/2003">
  <ItemGroup>
    <Filter Include="Source Files">
      <UniqueIdentifier>{4FC737F1-C7A5-4376-A066-2A32D752A2FF}</UniqueIdentifier>
      <Extensions>cpp;cxx;c;def</Extensions>
    </Filter>
    <Filter Include="Header Files">
      <UniqueIdentifier>{93995380-89BD-4b04-88EB-625FBE52EBFB}</UniqueIdentifier>
      <Extensions>h</Extensions>
    </Filter>
    <Filter Include="Form Files">
      <UniqueIdentifier>{99349809-55BA-4b9d-BF79-8FDBB0286EB3}</UniqueIdentifier>
      <Extensions>ui</Extensions>
    </Filter>
    <Filter Include="Resource Files">
      <UniqueIdentifier>{D9D6E242-F8AF-46E4-B9FD-80ECBC20BA3E}</UniqueIdentifier>
      <Extensions>qrc;*</Extensions>
      <ParseFiles>false</ParseFiles>
    </Filter>
    <Filter Include="Generated Files">
      <UniqueIdentifier>{71ED8ED8-ACB9-4CE9-BBE1-E00B30144E11}</UniqueIdentifier>
      <Extensions>moc;h;cpp</Extensions>
      <SourceControlFiles>False</SourceControlFiles>
    </Filter>
    <Filter Include="Generated Files\Debug">
      <UniqueIdentifier>{45a39510-6258-49a2-b4f5-ebb6e6c2b787}</UniqueIdentifier>
      <Extensions>cpp;moc</Extensions>
      <SourceControlFiles>False</SourceControlFiles>
    </Filter>
    <Filter Include="Generated Files\Release">
      <UniqueIdentifier>{0c8172a3-3971-4eb6-88d9-caceebf8274d}</UniqueIdentifier>
      <Extensions>cpp;moc</Extensions>
      <SourceControlFiles>False</SourceControlFiles>
    </Filter>
    <Filter Include="Source Files\quazip">
      <UniqueIdentifier>{d042b037-01ad-450f-9c52-939a85b8ae95}</UniqueIdentifier>
    </Filter>
  </ItemGroup>
  <ItemGroup>
    <ClCompile Include="main.cpp">
      <Filter>Source Files</Filter>
    </ClCompile>
    <ClCompile Include="doctesttool.cpp">
      <Filter>Source Files</Filter>
    </ClCompile>
    <ClCompile Include="GeneratedFiles\Debug\moc_doctesttool.cpp">
      <Filter>Generated Files\Debug</Filter>
    </ClCompile>
    <ClCompile Include="GeneratedFiles\Release\moc_doctesttool.cpp">
      <Filter>Generated Files\Release</Filter>
    </ClCompile>
    <ClCompile Include="GeneratedFiles\qrc_doctesttool.cpp">
      <Filter>Generated Files</Filter>
    </ClCompile>
    <ClCompile Include="quazip\quazip\JlCompress.cpp">
      <Filter>Source Files\quazip</Filter>
    </ClCompile>
    <ClCompile Include="quazip\quazip\qioapi.cpp">
      <Filter>Source Files\quazip</Filter>
    </ClCompile>
    <ClCompile Include="quazip\quazip\quaadler32.cpp">
      <Filter>Source Files\quazip</Filter>
    </ClCompile>
    <ClCompile Include="quazip\quazip\quacrc32.cpp">
      <Filter>Source Files\quazip</Filter>
    </ClCompile>
    <ClCompile Include="quazip\quazip\quagzipfile.cpp">
      <Filter>Source Files\quazip</Filter>
    </ClCompile>
    <ClCompile Include="GeneratedFiles\Debug\moc_quagzipfile.cpp">
      <Filter>Generated Files\Debug</Filter>
    </ClCompile>
    <ClCompile Include="GeneratedFiles\Release\moc_quagzipfile.cpp">
      <Filter>Generated Files\Release</Filter>
    </ClCompile>
    <ClCompile Include="quazip\quazip\quaziodevice.cpp">
      <Filter>Source Files\quazip</Filter>
    </ClCompile>
    <ClCompile Include="GeneratedFiles\Debug\moc_quaziodevice.cpp">
      <Filter>Generated Files\Debug</Filter>
    </ClCompile>
    <ClCompile Include="GeneratedFiles\Release\moc_quaziodevice.cpp">
      <Filter>Generated Files\Release</Filter>
    </ClCompile>
    <ClCompile Include="quazip\quazip\quazip.cpp">
      <Filter>Source Files\quazip</Filter>
    </ClCompile>
    <ClCompile Include="quazip\quazip\quazipdir.cpp">
      <Filter>Source Files\quazip</Filter>
    </ClCompile>
    <ClCompile Include="quazip\quazip\quazipfile.cpp">
      <Filter>Source Files\quazip</Filter>
    </ClCompile>
    <ClCompile Include="GeneratedFiles\Debug\moc_quazipfile.cpp">
      <Filter>Generated Files\Debug</Filter>
    </ClCompile>
    <ClCompile Include="GeneratedFiles\Release\moc_quazipfile.cpp">
      <Filter>Generated Files\Release</Filter>
    </ClCompile>
    <ClCompile Include="quazip\quazip\quazipfileinfo.cpp">
      <Filter>Source Files\quazip</Filter>
    </ClCompile>
    <ClCompile Include="quazip\quazip\quazipnewinfo.cpp">
      <Filter>Source Files\quazip</Filter>
    </ClCompile>
    <ClCompile Include="quazip\quazip\unzip.c">
      <Filter>Source Files\quazip</Filter>
    </ClCompile>
    <ClCompile Include="quazip\quazip\zip.c">
      <Filter>Source Files\quazip</Filter>
    </ClCompile>
  </ItemGroup>
  <ItemGroup>
    <CustomBuild Include="doctesttool.h">
      <Filter>Header Files</Filter>
    </CustomBuild>
    <CustomBuild Include="doctesttool.ui">
      <Filter>Form Files</Filter>
    </CustomBuild>
    <CustomBuild Include="doctesttool.qrc">
      <Filter>Resource Files</Filter>
    </CustomBuild>
    <CustomBuild Include="quazip\quazip\quagzipfile.h">
      <Filter>Source Files\quazip</Filter>
    </CustomBuild>
    <CustomBuild Include="quazip\quazip\quaziodevice.h">
      <Filter>Source Files\quazip</Filter>
    </CustomBuild>
    <CustomBuild Include="quazip\quazip\quazipfile.h">
      <Filter>Source Files\quazip</Filter>
    </CustomBuild>
  </ItemGroup>
  <ItemGroup>
    <ClInclude Include="GeneratedFiles\ui_doctesttool.h">
      <Filter>Generated Files</Filter>
    </ClInclude>
    <ClInclude Include="quazip\quazip\crypt.h">
      <Filter>Source Files\quazip</Filter>
    </ClInclude>
    <ClInclude Include="quazip\quazip\ioapi.h">
      <Filter>Source Files\quazip</Filter>
    </ClInclude>
    <ClInclude Include="quazip\quazip\JlCompress.h">
      <Filter>Source Files\quazip</Filter>
    </ClInclude>
    <ClInclude Include="quazip\quazip\quaadler32.h">
      <Filter>Source Files\quazip</Filter>
    </ClInclude>
    <ClInclude Include="quazip\quazip\quachecksum32.h">
      <Filter>Source Files\quazip</Filter>
    </ClInclude>
    <ClInclude Include="quazip\quazip\quacrc32.h">
      <Filter>Source Files\quazip</Filter>
    </ClInclude>
    <ClInclude Include="quazip\quazip\quazip.h">
      <Filter>Source Files\quazip</Filter>
    </ClInclude>
    <ClInclude Include="quazip\quazip\quazip_global.h">
      <Filter>Source Files\quazip</Filter>
    </ClInclude>
    <ClInclude Include="quazip\quazip\quazipdir.h">
      <Filter>Source Files\quazip</Filter>
    </ClInclude>
    <ClInclude Include="quazip\quazip\quazipfileinfo.h">
      <Filter>Source Files\quazip</Filter>
    </ClInclude>
    <ClInclude Include="quazip\quazip\quazipnewinfo.h">
      <Filter>Source Files\quazip</Filter>
    </ClInclude>
    <ClInclude Include="quazip\quazip\unzip.h">
      <Filter>Source Files\quazip</Filter>
    </ClInclude>
    <ClInclude Include="quazip\quazip\zip.h">
      <Filter>Source Files\quazip</Filter>
    </ClInclude>
  </ItemGroup>
</Project>